
Microsoft Visual Studio Solution File, Format Version 12.00
# Visual Studio Version 16
VisualStudioVersion = 16.0.29609.76
MinimumVisualStudioVersion = 10.0.40219.1
Project("{FAE04EC0-301F-11D3-BF4B-00C04F79EFBC}") = "CoffeeChat", "CoffeeChat\CoffeeChat.csproj", "{40564B06-738F-4AA3-A70F-60B55CDC578F}"
EndProject
Global
	GlobalSection(SolutionConfigurationPlatforms) = preSolution
		Debug|Any CPU = Debug|Any CPU
		Release|Any CPU = Release|Any CPU
	EndGlobalSection
	GlobalSection(ProjectConfigurationPlatforms) = postSolution
		{40564B06-738F-4AA3-A70F-60B55CDC578F}.Debug|Any CPU.ActiveCfg = Debug|Any CPU
		{40564B06-738F-4AA3-A70F-60B55CDC578F}.Debug|Any CPU.Build.0 = Debug|Any CPU
		{40564B06-738F-4AA3-A70F-60B55CDC578F}.Release|Any CPU.ActiveCfg = Release|Any CPU
		{40564B06-738F-4AA3-A70F-60B55CDC578F}.Release|Any CPU.Build.0 = Release|Any CPU
	EndGlobalSection
	GlobalSection(SolutionProperties) = preSolution
		HideSolutionNode = FALSE
	EndGlobalSection
	GlobalSection(ExtensibilityGlobals) = postSolution
		SolutionGuid = {9AD2F39F-6C55-4B8E-864A-666EEDF43E09}
	EndGlobalSection
EndGlobal
